Microsoft Visual Studio Solution File, Format Version 12.00
# Visual Studio Version 16
VisualStudioVersion = 16.0.31129.286
MinimumVisualStudioVersion = 15.0.26124.0
Project("{2150E333-8FDC-42A3-9474-1A3956D46DE8}") = "src", "src", "{C397A34C-84F1-49E7-AEBC-2F9F2B196216}"
EndProject
Project("{2150E333-8FDC-42A3-9474-1A3956D46DE8}") = "tests", "tests", "{ACBEE43C-7A88-4FB1-9B06-DB064D22B29F}"
EndProject
Project("{6EC3EE1D-3C4E-46DD-8F32-0CC8E7565705}") = "CalculatorFSharp", "src\CalculatorFSharp\CalculatorFSharp.fsproj", "{21AF3169-B969-4094-91C1-00C68324E99F}"
EndProject
Project("{F2A71F9B-5D33-465A-A702-920D77279786}") = "CalculatorFSharp.Tests", "tests\CalculatorFSharp.Tests\CalculatorFSharp.Tests\CalculatorFSharp.Tests.fsproj", "{061F8487-1598-4E0C-810A-A6ED157761B3}"
EndProject
Global
	GlobalSection(SolutionConfigurationPlatforms) = preSolution
		Debug|Any CPU = Debug|Any CPU
		Debug|x64 = Debug|x64
		Debug|x86 = Debug|x86
		Release|Any CPU = Release|Any CPU
		Release|x64 = Release|x64
		Release|x86 = Release|x86
	EndGlobalSection
	GlobalSection(ProjectConfigurationPlatforms) = postSolution
		{21AF3169-B969-4094-91C1-00C68324E99F}.Debug|Any CPU.ActiveCfg = Debug|Any CPU
		{21AF3169-B969-4094-91C1-00C68324E99F}.Debug|Any CPU.Build.0 = Debug|Any CPU
		{21AF3169-B969-4094-91C1-00C68324E99F}.Debug|x64.ActiveCfg = Debug|Any CPU
		{21AF3169-B969-4094-91C1-00C68324E99F}.Debug|x64.Build.0 = Debug|Any CPU
		{21AF3169-B969-4094-91C1-00C68324E99F}.Debug|x86.ActiveCfg = Debug|Any CPU
		{21AF3169-B969-4094-91C1-00C68324E99F}.Debug|x86.Build.0 = Debug|Any CPU
		{21AF3169-B969-4094-91C1-00C68324E99F}.Release|Any CPU.ActiveCfg = Release|Any CPU
		{21AF3169-B969-4094-91C1-00C68324E99F}.Release|Any CPU.Build.0 = Release|Any CPU
		{21AF3169-B969-4094-91C1-00C68324E99F}.Release|x64.ActiveCfg = Release|Any CPU
		{21AF3169-B969-4094-91C1-00C68324E99F}.Release|x64.Build.0 = Release|Any CPU
		{21AF3169-B969-4094-91C1-00C68324E99F}.Release|x86.ActiveCfg = Release|Any CPU
		{21AF3169-B969-4094-91C1-00C68324E99F}.Release|x86.Build.0 = Release|Any CPU
		{061F8487-1598-4E0C-810A-A6ED157761B3}.Debug|Any CPU.ActiveCfg = Debug|Any CPU
		{061F8487-1598-4E0C-810A-A6ED157761B3}.Debug|Any CPU.Build.0 = Debug|Any CPU
		{061F8487-1598-4E0C-810A-A6ED157761B3}.Debug|x64.ActiveCfg = Debug|Any CPU
		{061F8487-1598-4E0C-810A-A6ED157761B3}.Debug|x64.Build.0 = Debug|Any CPU
		{061F8487-1598-4E0C-810A-A6ED157761B3}.Debug|x86.ActiveCfg = Debug|Any CPU
		{061F8487-1598-4E0C-810A-A6ED157761B3}.Debug|x86.Build.0 = Debug|Any CPU
		{061F8487-1598-4E0C-810A-A6ED157761B3}.Release|Any CPU.ActiveCfg = Release|Any CPU
		{061F8487-1598-4E0C-810A-A6ED157761B3}.Release|Any CPU.Build.0 = Release|Any CPU
		{061F8487-1598-4E0C-810A-A6ED157761B3}.Release|x64.ActiveCfg = Release|Any CPU
		{061F8487-1598-4E0C-810A-A6ED157761B3}.Release|x64.Build.0 = Release|Any CPU
		{061F8487-1598-4E0C-810A-A6ED157761B3}.Release|x86.ActiveCfg = Release|Any CPU
		{061F8487-1598-4E0C-810A-A6ED157761B3}.Release|x86.Build.0 = Release|Any CPU
	EndGlobalSection
	GlobalSection(SolutionProperties) = preSolution
		HideSolutionNode = FALSE
	EndGlobalSection
	GlobalSection(NestedProjects) = preSolution
		{21AF3169-B969-4094-91C1-00C68324E99F} = {C397A34C-84F1-49E7-AEBC-2F9F2B196216}
		{061F8487-1598-4E0C-810A-A6ED157761B3} = {ACBEE43C-7A88-4FB1-9B06-DB064D22B29F}
	EndGlobalSection
	GlobalSection(ExtensibilityGlobals) = postSolution
		SolutionGuid = {1D6B691C-75FF-4C5F-AA4E-4FE381F0BAF6}
	EndGlobalSection
EndGlobal
